
Microsoft Visual Studio Solution File, Format Version 12.00
# Visual Studio 15
VisualStudioVersion = 15.0.27004.2002
MinimumVisualStudioVersion = 10.0.40219.1
Project("{9A19103F-16F7-4668-BE54-9A1E7A4F7556}") = "SubSet", "SubSet\SubSet.csproj", "{50DC2013-D3CC-4ABA-A6FF-93357E65022F}"
EndProject
Project("{9A19103F-16F7-4668-BE54-9A1E7A4F7556}") = "SubSeter", "SubSeter\SubSeter.csproj", "{32C089CD-5FB5-4BAB-9E0C-69CBFF375AA0}"
EndProject
Global
	GlobalSection(SolutionConfigurationPlatforms) = preSolution
		Debug|Any CPU = Debug|Any CPU
		Release|Any CPU = Release|Any CPU
	EndGlobalSection
	GlobalSection(ProjectConfigurationPlatforms) = postSolution
		{50DC2013-D3CC-4ABA-A6FF-93357E65022F}.Debug|Any CPU.ActiveCfg = Debug|Any CPU
		{50DC2013-D3CC-4ABA-A6FF-93357E65022F}.Debug|Any CPU.Build.0 = Debug|Any CPU
		{50DC2013-D3CC-4ABA-A6FF-93357E65022F}.Release|Any CPU.ActiveCfg = Release|Any CPU
		{50DC2013-D3CC-4ABA-A6FF-93357E65022F}.Release|Any CPU.Build.0 = Release|Any CPU
		{32C089CD-5FB5-4BAB-9E0C-69CBFF375AA0}.Debug|Any CPU.ActiveCfg = Debug|Any CPU
		{32C089CD-5FB5-4BAB-9E0C-69CBFF375AA0}.Debug|Any CPU.Build.0 = Debug|Any CPU
		{32C089CD-5FB5-4BAB-9E0C-69CBFF375AA0}.Release|Any CPU.ActiveCfg = Release|Any CPU
		{32C089CD-5FB5-4BAB-9E0C-69CBFF375AA0}.Release|Any CPU.Build.0 = Release|Any CPU
	EndGlobalSection
	GlobalSection(SolutionProperties) = preSolution
		HideSolutionNode = FALSE
	EndGlobalSection
	GlobalSection(ExtensibilityGlobals) = postSolution
		SolutionGuid = {83372157-FE4C-4E76-AA4E-9BF8CEA172AF}
	EndGlobalSection
EndGlobal
